
Microsoft Visual Studio Solution File, Format Version 12.00
# Visual Studio Version 17
VisualStudioVersion = 17.11.35312.102
MinimumVisualStudioVersion = 10.0.40219.1
Project("{FAE04EC0-301F-11D3-BF4B-00C04F79EFBC}") = "WordCount", "WordCount.csproj", "{79B73FE2-AE6D-4583-87F1-E7DE6BF070BA}"
EndProject
Project("{FAE04EC0-301F-11D3-BF4B-00C04F79EFBC}") = "WordCountTest", "..\WordCountTest\WordCountTest.csproj", "{A95FA052-C951-4C63-96C5-3720268F6BB1}"
EndProject
Global
	GlobalSection(SolutionConfigurationPlatforms) = preSolution
		Debug|Any CPU = Debug|Any CPU
		Release|Any CPU = Release|Any CPU
	EndGlobalSection
	GlobalSection(ProjectConfigurationPlatforms) = postSolution
		{79B73FE2-AE6D-4583-87F1-E7DE6BF070BA}.Debug|Any CPU.ActiveCfg = Debug|Any CPU
		{79B73FE2-AE6D-4583-87F1-E7DE6BF070BA}.Debug|Any CPU.Build.0 = Debug|Any CPU
		{79B73FE2-AE6D-4583-87F1-E7DE6BF070BA}.Release|Any CPU.ActiveCfg = Release|Any CPU
		{79B73FE2-AE6D-4583-87F1-E7DE6BF070BA}.Release|Any CPU.Build.0 = Release|Any CPU
		{A95FA052-C951-4C63-96C5-3720268F6BB1}.Debug|Any CPU.ActiveCfg = Debug|Any CPU
		{A95FA052-C951-4C63-96C5-3720268F6BB1}.Debug|Any CPU.Build.0 = Debug|Any CPU
		{A95FA052-C951-4C63-96C5-3720268F6BB1}.Release|Any CPU.ActiveCfg = Release|Any CPU
		{A95FA052-C951-4C63-96C5-3720268F6BB1}.Release|Any CPU.Build.0 = Release|Any CPU
	EndGlobalSection
	GlobalSection(SolutionProperties) = preSolution
		HideSolutionNode = FALSE
	EndGlobalSection
	GlobalSection(ExtensibilityGlobals) = postSolution
		SolutionGuid = {4173AE4A-F680-4A57-89E8-D505ED0850D1}
	EndGlobalSection
EndGlobal
